
Microsoft Visual Studio Solution File, Format Version 12.00
# Visual Studio Version 16
VisualStudioVersion = 16.0.32929.386
MinimumVisualStudioVersion = 10.0.40219.1
Project("{FAE04EC0-301F-11D3-BF4B-00C04F79EFBC}") = "DemiLib", "DemiLib\DemiLib.csproj", "{12AFF001-8A23-469C-B160-15535AF5FD4C}"
EndProject
Project("{9A19103F-16F7-4668-BE54-9A1E7A4F7556}") = "DemiEditor", "DemiLib.Editor\DemiEditor.csproj", "{90D0A8E6-B0E6-4EE6-AE47-1FDBE7403478}"
EndProject
Project("{9A19103F-16F7-4668-BE54-9A1E7A4F7556}") = "DOTweenEditor", "DOTween.Editor\DOTweenEditor.csproj", "{007B4C66-4B03-4A6D-944B-C927521C62DF}"
EndProject
Project("{9A19103F-16F7-4668-BE54-9A1E7A4F7556}") = "DOTween", "DOTween\DOTween.csproj", "{F516B60A-E1B2-481F-A1D0-FBE829B628F5}"
EndProject
Global
	GlobalSection(SolutionConfigurationPlatforms) = preSolution
		Debug|Any CPU = Debug|Any CPU
		Release|Any CPU = Release|Any CPU
	EndGlobalSection
	GlobalSection(ProjectConfigurationPlatforms) = postSolution
		{12AFF001-8A23-469C-B160-15535AF5FD4C}.Debug|Any CPU.ActiveCfg = Debug|Any CPU
		{12AFF001-8A23-469C-B160-15535AF5FD4C}.Debug|Any CPU.Build.0 = Debug|Any CPU
		{12AFF001-8A23-469C-B160-15535AF5FD4C}.Release|Any CPU.ActiveCfg = Release|Any CPU
		{12AFF001-8A23-469C-B160-15535AF5FD4C}.Release|Any CPU.Build.0 = Release|Any CPU
		{90D0A8E6-B0E6-4EE6-AE47-1FDBE7403478}.Debug|Any CPU.ActiveCfg = Debug|Any CPU
		{90D0A8E6-B0E6-4EE6-AE47-1FDBE7403478}.Debug|Any CPU.Build.0 = Debug|Any CPU
		{90D0A8E6-B0E6-4EE6-AE47-1FDBE7403478}.Release|Any CPU.ActiveCfg = Release|Any CPU
		{90D0A8E6-B0E6-4EE6-AE47-1FDBE7403478}.Release|Any CPU.Build.0 = Release|Any CPU
		{007B4C66-4B03-4A6D-944B-C927521C62DF}.Debug|Any CPU.ActiveCfg = Debug|Any CPU
		{007B4C66-4B03-4A6D-944B-C927521C62DF}.Debug|Any CPU.Build.0 = Debug|Any CPU
		{007B4C66-4B03-4A6D-944B-C927521C62DF}.Release|Any CPU.ActiveCfg = Release|Any CPU
		{007B4C66-4B03-4A6D-944B-C927521C62DF}.Release|Any CPU.Build.0 = Release|Any CPU
		{F516B60A-E1B2-481F-A1D0-FBE829B628F5}.Debug|Any CPU.ActiveCfg = Debug|Any CPU
		{F516B60A-E1B2-481F-A1D0-FBE829B628F5}.Debug|Any CPU.Build.0 = Debug|Any CPU
		{F516B60A-E1B2-481F-A1D0-FBE829B628F5}.Release|Any CPU.ActiveCfg = Release|Any CPU
		{F516B60A-E1B2-481F-A1D0-FBE829B628F5}.Release|Any CPU.Build.0 = Release|Any CPU
	EndGlobalSection
	GlobalSection(SolutionProperties) = preSolution
		HideSolutionNode = FALSE
	EndGlobalSection
	GlobalSection(ExtensibilityGlobals) = postSolution
		SolutionGuid = {75C82AF6-94A9-4EBC-A3D6-3753A73F1F04}
	EndGlobalSection
EndGlobal
