
Microsoft Visual Studio Solution File, Format Version 12.00
# Visual Studio Version 16
VisualStudioVersion = 16.0.33927.289
MinimumVisualStudioVersion = 10.0.40219.1
Project("{FAE04EC0-301F-11D3-BF4B-00C04F79EFBC}") = "Attribute", "Common\Attribute\Attribute.csproj", "{FB87A31E-75AD-48A0-85B1-6BD42BDC4B81}"
EndProject
Project("{FAE04EC0-301F-11D3-BF4B-00C04F79EFBC}") = "Common", "Common\Common\Common.csproj", "{B0D5708A-7C94-4BCB-805D-A718034E5724}"
EndProject
Project("{FAE04EC0-301F-11D3-BF4B-00C04F79EFBC}") = "Ensure", "Ensure\Ensure.csproj", "{3E725C5E-8DD9-4AB3-8042-96EFFAB382B4}"
EndProject
Project("{FAE04EC0-301F-11D3-BF4B-00C04F79EFBC}") = "Print", "Print\Print\Print.csproj", "{7AE3A71E-5B2C-4E5F-86BC-31668E6F8E69}"
EndProject
Project("{FAE04EC0-301F-11D3-BF4B-00C04F79EFBC}") = "Print.Console", "Print\Print.Console\Print.Console.csproj", "{4C98440C-2870-4138-92B3-C2CF28B6ACBF}"
EndProject
Project("{FAE04EC0-301F-11D3-BF4B-00C04F79EFBC}") = "Print.Unity", "Print\Print.Unity\Print.Unity.csproj", "{34A67FA1-562B-45E8-8D2C-19C9F7300C49}"
EndProject
Project("{FAE04EC0-301F-11D3-BF4B-00C04F79EFBC}") = "Process", "Process\Process\Process.csproj", "{119376CD-BF44-4E12-A558-DEB3D2723D5A}"
EndProject
Project("{9A19103F-16F7-4668-BE54-9A1E7A4F7556}") = "Test.Attribute", "Test\Test.Attribute\Test.Attribute.csproj", "{EB791B87-84D4-4AA5-A082-A2FA45653D1A}"
EndProject
Project("{9A19103F-16F7-4668-BE54-9A1E7A4F7556}") = "Test.Common", "Test\Test.Common\Test.Common.csproj", "{B02F4171-2273-47DC-8861-FDFA178611F0}"
EndProject
Project("{9A19103F-16F7-4668-BE54-9A1E7A4F7556}") = "Test.Generate", "Test\Test.Generate\Test.Generate.csproj", "{E1963284-E116-46CC-907E-48545E708667}"
EndProject
Project("{9A19103F-16F7-4668-BE54-9A1E7A4F7556}") = "Test.Print", "Test\Test.Print\Test.Print.csproj", "{B09B5DD2-618D-4716-B9D9-6BFC93175988}"
EndProject
Project("{9A19103F-16F7-4668-BE54-9A1E7A4F7556}") = "Test.Process", "Test\Test.Process\Test.Process.csproj", "{9333DDE7-F9CC-4304-B3B2-9BC14C7B83C8}"
EndProject
Project("{9A19103F-16F7-4668-BE54-9A1E7A4F7556}") = "Test.NUnit", "Test\Test.NUnit\Test.NUnit.csproj", "{BE211E2E-7C26-4BF3-9610-A0B9D1DB5C95}"
EndProject
Project("{FAE04EC0-301F-11D3-BF4B-00C04F79EFBC}") = "T4", "T4\T4.csproj", "{DAE98AF0-7556-4CD9-86D9-3859586EE956}"
EndProject
Global
	GlobalSection(SolutionConfigurationPlatforms) = preSolution
		Debug|Any CPU = Debug|Any CPU
		Debug|ARM = Debug|ARM
		Debug|ARM64 = Debug|ARM64
		Debug|x64 = Debug|x64
		Debug|x86 = Debug|x86
		Release|Any CPU = Release|Any CPU
		Release|ARM = Release|ARM
		Release|ARM64 = Release|ARM64
		Release|x64 = Release|x64
		Release|x86 = Release|x86
	EndGlobalSection
	GlobalSection(ProjectConfigurationPlatforms) = postSolution
		{FB87A31E-75AD-48A0-85B1-6BD42BDC4B81}.Debug|Any CPU.ActiveCfg = Release|Any CPU
		{FB87A31E-75AD-48A0-85B1-6BD42BDC4B81}.Debug|Any CPU.Build.0 = Release|Any CPU
		{FB87A31E-75AD-48A0-85B1-6BD42BDC4B81}.Debug|ARM.ActiveCfg = Debug|Any CPU
		{FB87A31E-75AD-48A0-85B1-6BD42BDC4B81}.Debug|ARM.Build.0 = Debug|Any CPU
		{FB87A31E-75AD-48A0-85B1-6BD42BDC4B81}.Debug|ARM64.ActiveCfg = Debug|Any CPU
		{FB87A31E-75AD-48A0-85B1-6BD42BDC4B81}.Debug|ARM64.Build.0 = Debug|Any CPU
		{FB87A31E-75AD-48A0-85B1-6BD42BDC4B81}.Debug|x64.ActiveCfg = Debug|Any CPU
		{FB87A31E-75AD-48A0-85B1-6BD42BDC4B81}.Debug|x64.Build.0 = Debug|Any CPU
		{FB87A31E-75AD-48A0-85B1-6BD42BDC4B81}.Debug|x86.ActiveCfg = Debug|Any CPU
		{FB87A31E-75AD-48A0-85B1-6BD42BDC4B81}.Debug|x86.Build.0 = Debug|Any CPU
		{FB87A31E-75AD-48A0-85B1-6BD42BDC4B81}.Release|Any CPU.ActiveCfg = Release|Any CPU
		{FB87A31E-75AD-48A0-85B1-6BD42BDC4B81}.Release|Any CPU.Build.0 = Release|Any CPU
		{FB87A31E-75AD-48A0-85B1-6BD42BDC4B81}.Release|ARM.ActiveCfg = Release|Any CPU
		{FB87A31E-75AD-48A0-85B1-6BD42BDC4B81}.Release|ARM.Build.0 = Release|Any CPU
		{FB87A31E-75AD-48A0-85B1-6BD42BDC4B81}.Release|ARM64.ActiveCfg = Release|Any CPU
		{FB87A31E-75AD-48A0-85B1-6BD42BDC4B81}.Release|ARM64.Build.0 = Release|Any CPU
		{FB87A31E-75AD-48A0-85B1-6BD42BDC4B81}.Release|x64.ActiveCfg = Release|Any CPU
		{FB87A31E-75AD-48A0-85B1-6BD42BDC4B81}.Release|x64.Build.0 = Release|Any CPU
		{FB87A31E-75AD-48A0-85B1-6BD42BDC4B81}.Release|x86.ActiveCfg = Release|Any CPU
		{FB87A31E-75AD-48A0-85B1-6BD42BDC4B81}.Release|x86.Build.0 = Release|Any CPU
		{B0D5708A-7C94-4BCB-805D-A718034E5724}.Debug|Any CPU.ActiveCfg = Release|Any CPU
		{B0D5708A-7C94-4BCB-805D-A718034E5724}.Debug|Any CPU.Build.0 = Release|Any CPU
		{B0D5708A-7C94-4BCB-805D-A718034E5724}.Debug|ARM.ActiveCfg = Debug|Any CPU
		{B0D5708A-7C94-4BCB-805D-A718034E5724}.Debug|ARM.Build.0 = Debug|Any CPU
		{B0D5708A-7C94-4BCB-805D-A718034E5724}.Debug|ARM64.ActiveCfg = Debug|Any CPU
		{B0D5708A-7C94-4BCB-805D-A718034E5724}.Debug|ARM64.Build.0 = Debug|Any CPU
		{B0D5708A-7C94-4BCB-805D-A718034E5724}.Debug|x64.ActiveCfg = Debug|Any CPU
		{B0D5708A-7C94-4BCB-805D-A718034E5724}.Debug|x64.Build.0 = Debug|Any CPU
		{B0D5708A-7C94-4BCB-805D-A718034E5724}.Debug|x86.ActiveCfg = Debug|Any CPU
		{B0D5708A-7C94-4BCB-805D-A718034E5724}.Debug|x86.Build.0 = Debug|Any CPU
		{B0D5708A-7C94-4BCB-805D-A718034E5724}.Release|Any CPU.ActiveCfg = Release|Any CPU
		{B0D5708A-7C94-4BCB-805D-A718034E5724}.Release|Any CPU.Build.0 = Release|Any CPU
		{B0D5708A-7C94-4BCB-805D-A718034E5724}.Release|ARM.ActiveCfg = Release|Any CPU
		{B0D5708A-7C94-4BCB-805D-A718034E5724}.Release|ARM.Build.0 = Release|Any CPU
		{B0D5708A-7C94-4BCB-805D-A718034E5724}.Release|ARM64.ActiveCfg = Release|Any CPU
		{B0D5708A-7C94-4BCB-805D-A718034E5724}.Release|ARM64.Build.0 = Release|Any CPU
		{B0D5708A-7C94-4BCB-805D-A718034E5724}.Release|x64.ActiveCfg = Release|Any CPU
		{B0D5708A-7C94-4BCB-805D-A718034E5724}.Release|x64.Build.0 = Release|Any CPU
		{B0D5708A-7C94-4BCB-805D-A718034E5724}.Release|x86.ActiveCfg = Release|Any CPU
		{B0D5708A-7C94-4BCB-805D-A718034E5724}.Release|x86.Build.0 = Release|Any CPU
		{3E725C5E-8DD9-4AB3-8042-96EFFAB382B4}.Debug|Any CPU.ActiveCfg = Release|Any CPU
		{3E725C5E-8DD9-4AB3-8042-96EFFAB382B4}.Debug|Any CPU.Build.0 = Release|Any CPU
		{3E725C5E-8DD9-4AB3-8042-96EFFAB382B4}.Debug|ARM.ActiveCfg = Debug|Any CPU
		{3E725C5E-8DD9-4AB3-8042-96EFFAB382B4}.Debug|ARM.Build.0 = Debug|Any CPU
		{3E725C5E-8DD9-4AB3-8042-96EFFAB382B4}.Debug|ARM64.ActiveCfg = Debug|Any CPU
		{3E725C5E-8DD9-4AB3-8042-96EFFAB382B4}.Debug|ARM64.Build.0 = Debug|Any CPU
		{3E725C5E-8DD9-4AB3-8042-96EFFAB382B4}.Debug|x64.ActiveCfg = Debug|Any CPU
		{3E725C5E-8DD9-4AB3-8042-96EFFAB382B4}.Debug|x64.Build.0 = Debug|Any CPU
		{3E725C5E-8DD9-4AB3-8042-96EFFAB382B4}.Debug|x86.ActiveCfg = Debug|Any CPU
		{3E725C5E-8DD9-4AB3-8042-96EFFAB382B4}.Debug|x86.Build.0 = Debug|Any CPU
		{3E725C5E-8DD9-4AB3-8042-96EFFAB382B4}.Release|Any CPU.ActiveCfg = Release|Any CPU
		{3E725C5E-8DD9-4AB3-8042-96EFFAB382B4}.Release|Any CPU.Build.0 = Release|Any CPU
		{3E725C5E-8DD9-4AB3-8042-96EFFAB382B4}.Release|ARM.ActiveCfg = Release|Any CPU
		{3E725C5E-8DD9-4AB3-8042-96EFFAB382B4}.Release|ARM.Build.0 = Release|Any CPU
		{3E725C5E-8DD9-4AB3-8042-96EFFAB382B4}.Release|ARM64.ActiveCfg = Release|Any CPU
		{3E725C5E-8DD9-4AB3-8042-96EFFAB382B4}.Release|ARM64.Build.0 = Release|Any CPU
		{3E725C5E-8DD9-4AB3-8042-96EFFAB382B4}.Release|x64.ActiveCfg = Release|Any CPU
		{3E725C5E-8DD9-4AB3-8042-96EFFAB382B4}.Release|x64.Build.0 = Release|Any CPU
		{3E725C5E-8DD9-4AB3-8042-96EFFAB382B4}.Release|x86.ActiveCfg = Release|Any CPU
		{3E725C5E-8DD9-4AB3-8042-96EFFAB382B4}.Release|x86.Build.0 = Release|Any CPU
		{7AE3A71E-5B2C-4E5F-86BC-31668E6F8E69}.Debug|Any CPU.ActiveCfg = Release|Any CPU
		{7AE3A71E-5B2C-4E5F-86BC-31668E6F8E69}.Debug|Any CPU.Build.0 = Release|Any CPU
		{7AE3A71E-5B2C-4E5F-86BC-31668E6F8E69}.Debug|ARM.ActiveCfg = Debug|Any CPU
		{7AE3A71E-5B2C-4E5F-86BC-31668E6F8E69}.Debug|ARM.Build.0 = Debug|Any CPU
		{7AE3A71E-5B2C-4E5F-86BC-31668E6F8E69}.Debug|ARM64.ActiveCfg = Debug|Any CPU
		{7AE3A71E-5B2C-4E5F-86BC-31668E6F8E69}.Debug|ARM64.Build.0 = Debug|Any CPU
		{7AE3A71E-5B2C-4E5F-86BC-31668E6F8E69}.Debug|x64.ActiveCfg = Debug|Any CPU
		{7AE3A71E-5B2C-4E5F-86BC-31668E6F8E69}.Debug|x64.Build.0 = Debug|Any CPU
		{7AE3A71E-5B2C-4E5F-86BC-31668E6F8E69}.Debug|x86.ActiveCfg = Debug|Any CPU
		{7AE3A71E-5B2C-4E5F-86BC-31668E6F8E69}.Debug|x86.Build.0 = Debug|Any CPU
		{7AE3A71E-5B2C-4E5F-86BC-31668E6F8E69}.Release|Any CPU.ActiveCfg = Release|Any CPU
		{7AE3A71E-5B2C-4E5F-86BC-31668E6F8E69}.Release|Any CPU.Build.0 = Release|Any CPU
		{7AE3A71E-5B2C-4E5F-86BC-31668E6F8E69}.Release|ARM.ActiveCfg = Release|Any CPU
		{7AE3A71E-5B2C-4E5F-86BC-31668E6F8E69}.Release|ARM.Build.0 = Release|Any CPU
		{7AE3A71E-5B2C-4E5F-86BC-31668E6F8E69}.Release|ARM64.ActiveCfg = Release|Any CPU
		{7AE3A71E-5B2C-4E5F-86BC-31668E6F8E69}.Release|ARM64.Build.0 = Release|Any CPU
		{7AE3A71E-5B2C-4E5F-86BC-31668E6F8E69}.Release|x64.ActiveCfg = Release|Any CPU
		{7AE3A71E-5B2C-4E5F-86BC-31668E6F8E69}.Release|x64.Build.0 = Release|Any CPU
		{7AE3A71E-5B2C-4E5F-86BC-31668E6F8E69}.Release|x86.ActiveCfg = Release|Any CPU
		{7AE3A71E-5B2C-4E5F-86BC-31668E6F8E69}.Release|x86.Build.0 = Release|Any CPU
		{4C98440C-2870-4138-92B3-C2CF28B6ACBF}.Debug|Any CPU.ActiveCfg = Release|Any CPU
		{4C98440C-2870-4138-92B3-C2CF28B6ACBF}.Debug|Any CPU.Build.0 = Release|Any CPU
		{4C98440C-2870-4138-92B3-C2CF28B6ACBF}.Debug|ARM.ActiveCfg = Debug|Any CPU
		{4C98440C-2870-4138-92B3-C2CF28B6ACBF}.Debug|ARM.Build.0 = Debug|Any CPU
		{4C98440C-2870-4138-92B3-C2CF28B6ACBF}.Debug|ARM64.ActiveCfg = Debug|Any CPU
		{4C98440C-2870-4138-92B3-C2CF28B6ACBF}.Debug|ARM64.Build.0 = Debug|Any CPU
		{4C98440C-2870-4138-92B3-C2CF28B6ACBF}.Debug|x64.ActiveCfg = Debug|Any CPU
		{4C98440C-2870-4138-92B3-C2CF28B6ACBF}.Debug|x64.Build.0 = Debug|Any CPU
		{4C98440C-2870-4138-92B3-C2CF28B6ACBF}.Debug|x86.ActiveCfg = Debug|Any CPU
		{4C98440C-2870-4138-92B3-C2CF28B6ACBF}.Debug|x86.Build.0 = Debug|Any CPU
		{4C98440C-2870-4138-92B3-C2CF28B6ACBF}.Release|Any CPU.ActiveCfg = Release|Any CPU
		{4C98440C-2870-4138-92B3-C2CF28B6ACBF}.Release|Any CPU.Build.0 = Release|Any CPU
		{4C98440C-2870-4138-92B3-C2CF28B6ACBF}.Release|ARM.ActiveCfg = Release|Any CPU
		{4C98440C-2870-4138-92B3-C2CF28B6ACBF}.Release|ARM.Build.0 = Release|Any CPU
		{4C98440C-2870-4138-92B3-C2CF28B6ACBF}.Release|ARM64.ActiveCfg = Release|Any CPU
		{4C98440C-2870-4138-92B3-C2CF28B6ACBF}.Release|ARM64.Build.0 = Release|Any CPU
		{4C98440C-2870-4138-92B3-C2CF28B6ACBF}.Release|x64.ActiveCfg = Release|Any CPU
		{4C98440C-2870-4138-92B3-C2CF28B6ACBF}.Release|x64.Build.0 = Release|Any CPU
		{4C98440C-2870-4138-92B3-C2CF28B6ACBF}.Release|x86.ActiveCfg = Release|Any CPU
		{4C98440C-2870-4138-92B3-C2CF28B6ACBF}.Release|x86.Build.0 = Release|Any CPU
		{34A67FA1-562B-45E8-8D2C-19C9F7300C49}.Debug|Any CPU.ActiveCfg = Release|Any CPU
		{34A67FA1-562B-45E8-8D2C-19C9F7300C49}.Debug|Any CPU.Build.0 = Release|Any CPU
		{34A67FA1-562B-45E8-8D2C-19C9F7300C49}.Debug|ARM.ActiveCfg = Debug|Any CPU
		{34A67FA1-562B-45E8-8D2C-19C9F7300C49}.Debug|ARM.Build.0 = Debug|Any CPU
		{34A67FA1-562B-45E8-8D2C-19C9F7300C49}.Debug|ARM64.ActiveCfg = Debug|Any CPU
		{34A67FA1-562B-45E8-8D2C-19C9F7300C49}.Debug|ARM64.Build.0 = Debug|Any CPU
		{34A67FA1-562B-45E8-8D2C-19C9F7300C49}.Debug|x64.ActiveCfg = Debug|Any CPU
		{34A67FA1-562B-45E8-8D2C-19C9F7300C49}.Debug|x64.Build.0 = Debug|Any CPU
		{34A67FA1-562B-45E8-8D2C-19C9F7300C49}.Debug|x86.ActiveCfg = Debug|Any CPU
		{34A67FA1-562B-45E8-8D2C-19C9F7300C49}.Debug|x86.Build.0 = Debug|Any CPU
		{34A67FA1-562B-45E8-8D2C-19C9F7300C49}.Release|Any CPU.ActiveCfg = Release|Any CPU
		{34A67FA1-562B-45E8-8D2C-19C9F7300C49}.Release|Any CPU.Build.0 = Release|Any CPU
		{34A67FA1-562B-45E8-8D2C-19C9F7300C49}.Release|ARM.ActiveCfg = Release|Any CPU
		{34A67FA1-562B-45E8-8D2C-19C9F7300C49}.Release|ARM.Build.0 = Release|Any CPU
		{34A67FA1-562B-45E8-8D2C-19C9F7300C49}.Release|ARM64.ActiveCfg = Release|Any CPU
		{34A67FA1-562B-45E8-8D2C-19C9F7300C49}.Release|ARM64.Build.0 = Release|Any CPU
		{34A67FA1-562B-45E8-8D2C-19C9F7300C49}.Release|x64.ActiveCfg = Release|Any CPU
		{34A67FA1-562B-45E8-8D2C-19C9F7300C49}.Release|x64.Build.0 = Release|Any CPU
		{34A67FA1-562B-45E8-8D2C-19C9F7300C49}.Release|x86.ActiveCfg = Release|Any CPU
		{34A67FA1-562B-45E8-8D2C-19C9F7300C49}.Release|x86.Build.0 = Release|Any CPU
		{119376CD-BF44-4E12-A558-DEB3D2723D5A}.Debug|Any CPU.ActiveCfg = Release|Any CPU
		{119376CD-BF44-4E12-A558-DEB3D2723D5A}.Debug|Any CPU.Build.0 = Release|Any CPU
		{119376CD-BF44-4E12-A558-DEB3D2723D5A}.Debug|ARM.ActiveCfg = Debug|Any CPU
		{119376CD-BF44-4E12-A558-DEB3D2723D5A}.Debug|ARM.Build.0 = Debug|Any CPU
		{119376CD-BF44-4E12-A558-DEB3D2723D5A}.Debug|ARM64.ActiveCfg = Debug|Any CPU
		{119376CD-BF44-4E12-A558-DEB3D2723D5A}.Debug|ARM64.Build.0 = Debug|Any CPU
		{119376CD-BF44-4E12-A558-DEB3D2723D5A}.Debug|x64.ActiveCfg = Debug|Any CPU
		{119376CD-BF44-4E12-A558-DEB3D2723D5A}.Debug|x64.Build.0 = Debug|Any CPU
		{119376CD-BF44-4E12-A558-DEB3D2723D5A}.Debug|x86.ActiveCfg = Debug|Any CPU
		{119376CD-BF44-4E12-A558-DEB3D2723D5A}.Debug|x86.Build.0 = Debug|Any CPU
		{119376CD-BF44-4E12-A558-DEB3D2723D5A}.Release|Any CPU.ActiveCfg = Release|Any CPU
		{119376CD-BF44-4E12-A558-DEB3D2723D5A}.Release|Any CPU.Build.0 = Release|Any CPU
		{119376CD-BF44-4E12-A558-DEB3D2723D5A}.Release|ARM.ActiveCfg = Release|Any CPU
		{119376CD-BF44-4E12-A558-DEB3D2723D5A}.Release|ARM.Build.0 = Release|Any CPU
		{119376CD-BF44-4E12-A558-DEB3D2723D5A}.Release|ARM64.ActiveCfg = Release|Any CPU
		{119376CD-BF44-4E12-A558-DEB3D2723D5A}.Release|ARM64.Build.0 = Release|Any CPU
		{119376CD-BF44-4E12-A558-DEB3D2723D5A}.Release|x64.ActiveCfg = Release|Any CPU
		{119376CD-BF44-4E12-A558-DEB3D2723D5A}.Release|x64.Build.0 = Release|Any CPU
		{119376CD-BF44-4E12-A558-DEB3D2723D5A}.Release|x86.ActiveCfg = Release|Any CPU
		{119376CD-BF44-4E12-A558-DEB3D2723D5A}.Release|x86.Build.0 = Release|Any CPU
		{EB791B87-84D4-4AA5-A082-A2FA45653D1A}.Debug|Any CPU.ActiveCfg = Debug|Any CPU
		{EB791B87-84D4-4AA5-A082-A2FA45653D1A}.Debug|Any CPU.Build.0 = Debug|Any CPU
		{EB791B87-84D4-4AA5-A082-A2FA45653D1A}.Debug|ARM.ActiveCfg = Debug|Any CPU
		{EB791B87-84D4-4AA5-A082-A2FA45653D1A}.Debug|ARM.Build.0 = Debug|Any CPU
		{EB791B87-84D4-4AA5-A082-A2FA45653D1A}.Debug|ARM64.ActiveCfg = Debug|Any CPU
		{EB791B87-84D4-4AA5-A082-A2FA45653D1A}.Debug|ARM64.Build.0 = Debug|Any CPU
		{EB791B87-84D4-4AA5-A082-A2FA45653D1A}.Debug|x64.ActiveCfg = Debug|Any CPU
		{EB791B87-84D4-4AA5-A082-A2FA45653D1A}.Debug|x64.Build.0 = Debug|Any CPU
		{EB791B87-84D4-4AA5-A082-A2FA45653D1A}.Debug|x86.ActiveCfg = Debug|Any CPU
		{EB791B87-84D4-4AA5-A082-A2FA45653D1A}.Debug|x86.Build.0 = Debug|Any CPU
		{EB791B87-84D4-4AA5-A082-A2FA45653D1A}.Release|Any CPU.ActiveCfg = Release|Any CPU
		{EB791B87-84D4-4AA5-A082-A2FA45653D1A}.Release|Any CPU.Build.0 = Release|Any CPU
		{EB791B87-84D4-4AA5-A082-A2FA45653D1A}.Release|ARM.ActiveCfg = Release|Any CPU
		{EB791B87-84D4-4AA5-A082-A2FA45653D1A}.Release|ARM.Build.0 = Release|Any CPU
		{EB791B87-84D4-4AA5-A082-A2FA45653D1A}.Release|ARM64.ActiveCfg = Release|Any CPU
		{EB791B87-84D4-4AA5-A082-A2FA45653D1A}.Release|ARM64.Build.0 = Release|Any CPU
		{EB791B87-84D4-4AA5-A082-A2FA45653D1A}.Release|x64.ActiveCfg = Release|Any CPU
		{EB791B87-84D4-4AA5-A082-A2FA45653D1A}.Release|x64.Build.0 = Release|Any CPU
		{EB791B87-84D4-4AA5-A082-A2FA45653D1A}.Release|x86.ActiveCfg = Release|Any CPU
		{EB791B87-84D4-4AA5-A082-A2FA45653D1A}.Release|x86.Build.0 = Release|Any CPU
		{B02F4171-2273-47DC-8861-FDFA178611F0}.Debug|Any CPU.ActiveCfg = Debug|Any CPU
		{B02F4171-2273-47DC-8861-FDFA178611F0}.Debug|Any CPU.Build.0 = Debug|Any CPU
		{B02F4171-2273-47DC-8861-FDFA178611F0}.Debug|ARM.ActiveCfg = Debug|Any CPU
		{B02F4171-2273-47DC-8861-FDFA178611F0}.Debug|ARM.Build.0 = Debug|Any CPU
		{B02F4171-2273-47DC-8861-FDFA178611F0}.Debug|ARM64.ActiveCfg = Debug|Any CPU
		{B02F4171-2273-47DC-8861-FDFA178611F0}.Debug|ARM64.Build.0 = Debug|Any CPU
		{B02F4171-2273-47DC-8861-FDFA178611F0}.Debug|x64.ActiveCfg = Debug|Any CPU
		{B02F4171-2273-47DC-8861-FDFA178611F0}.Debug|x64.Build.0 = Debug|Any CPU
		{B02F4171-2273-47DC-8861-FDFA178611F0}.Debug|x86.ActiveCfg = Debug|Any CPU
		{B02F4171-2273-47DC-8861-FDFA178611F0}.Debug|x86.Build.0 = Debug|Any CPU
		{B02F4171-2273-47DC-8861-FDFA178611F0}.Release|Any CPU.ActiveCfg = Release|Any CPU
		{B02F4171-2273-47DC-8861-FDFA178611F0}.Release|Any CPU.Build.0 = Release|Any CPU
		{B02F4171-2273-47DC-8861-FDFA178611F0}.Release|ARM.ActiveCfg = Release|Any CPU
		{B02F4171-2273-47DC-8861-FDFA178611F0}.Release|ARM.Build.0 = Release|Any CPU
		{B02F4171-2273-47DC-8861-FDFA178611F0}.Release|ARM64.ActiveCfg = Release|Any CPU
		{B02F4171-2273-47DC-8861-FDFA178611F0}.Release|ARM64.Build.0 = Release|Any CPU
		{B02F4171-2273-47DC-8861-FDFA178611F0}.Release|x64.ActiveCfg = Release|Any CPU
		{B02F4171-2273-47DC-8861-FDFA178611F0}.Release|x64.Build.0 = Release|Any CPU
		{B02F4171-2273-47DC-8861-FDFA178611F0}.Release|x86.ActiveCfg = Release|Any CPU
		{B02F4171-2273-47DC-8861-FDFA178611F0}.Release|x86.Build.0 = Release|Any CPU
		{E1963284-E116-46CC-907E-48545E708667}.Debug|Any CPU.ActiveCfg = Debug|Any CPU
		{E1963284-E116-46CC-907E-48545E708667}.Debug|Any CPU.Build.0 = Debug|Any CPU
		{E1963284-E116-46CC-907E-48545E708667}.Debug|ARM.ActiveCfg = Debug|Any CPU
		{E1963284-E116-46CC-907E-48545E708667}.Debug|ARM.Build.0 = Debug|Any CPU
		{E1963284-E116-46CC-907E-48545E708667}.Debug|ARM64.ActiveCfg = Debug|Any CPU
		{E1963284-E116-46CC-907E-48545E708667}.Debug|ARM64.Build.0 = Debug|Any CPU
		{E1963284-E116-46CC-907E-48545E708667}.Debug|x64.ActiveCfg = Debug|Any CPU
		{E1963284-E116-46CC-907E-48545E708667}.Debug|x64.Build.0 = Debug|Any CPU
		{E1963284-E116-46CC-907E-48545E708667}.Debug|x86.ActiveCfg = Debug|Any CPU
		{E1963284-E116-46CC-907E-48545E708667}.Debug|x86.Build.0 = Debug|Any CPU
		{E1963284-E116-46CC-907E-48545E708667}.Release|Any CPU.ActiveCfg = Release|Any CPU
		{E1963284-E116-46CC-907E-48545E708667}.Release|Any CPU.Build.0 = Release|Any CPU
		{E1963284-E116-46CC-907E-48545E708667}.Release|ARM.ActiveCfg = Release|Any CPU
		{E1963284-E116-46CC-907E-48545E708667}.Release|ARM.Build.0 = Release|Any CPU
		{E1963284-E116-46CC-907E-48545E708667}.Release|ARM64.ActiveCfg = Release|Any CPU
		{E1963284-E116-46CC-907E-48545E708667}.Release|ARM64.Build.0 = Release|Any CPU
		{E1963284-E116-46CC-907E-48545E708667}.Release|x64.ActiveCfg = Release|Any CPU
		{E1963284-E116-46CC-907E-48545E708667}.Release|x64.Build.0 = Release|Any CPU
		{E1963284-E116-46CC-907E-48545E708667}.Release|x86.ActiveCfg = Release|Any CPU
		{E1963284-E116-46CC-907E-48545E708667}.Release|x86.Build.0 = Release|Any CPU
		{B09B5DD2-618D-4716-B9D9-6BFC93175988}.Debug|Any CPU.ActiveCfg = Debug|Any CPU
		{B09B5DD2-618D-4716-B9D9-6BFC93175988}.Debug|Any CPU.Build.0 = Debug|Any CPU
		{B09B5DD2-618D-4716-B9D9-6BFC93175988}.Debug|ARM.ActiveCfg = Debug|Any CPU
		{B09B5DD2-618D-4716-B9D9-6BFC93175988}.Debug|ARM.Build.0 = Debug|Any CPU
		{B09B5DD2-618D-4716-B9D9-6BFC93175988}.Debug|ARM64.ActiveCfg = Debug|Any CPU
		{B09B5DD2-618D-4716-B9D9-6BFC93175988}.Debug|ARM64.Build.0 = Debug|Any CPU
		{B09B5DD2-618D-4716-B9D9-6BFC93175988}.Debug|x64.ActiveCfg = Debug|Any CPU
		{B09B5DD2-618D-4716-B9D9-6BFC93175988}.Debug|x64.Build.0 = Debug|Any CPU
		{B09B5DD2-618D-4716-B9D9-6BFC93175988}.Debug|x86.ActiveCfg = Debug|Any CPU
		{B09B5DD2-618D-4716-B9D9-6BFC93175988}.Debug|x86.Build.0 = Debug|Any CPU
		{B09B5DD2-618D-4716-B9D9-6BFC93175988}.Release|Any CPU.ActiveCfg = Release|Any CPU
		{B09B5DD2-618D-4716-B9D9-6BFC93175988}.Release|Any CPU.Build.0 = Release|Any CPU
		{B09B5DD2-618D-4716-B9D9-6BFC93175988}.Release|ARM.ActiveCfg = Release|Any CPU
		{B09B5DD2-618D-4716-B9D9-6BFC93175988}.Release|ARM.Build.0 = Release|Any CPU
		{B09B5DD2-618D-4716-B9D9-6BFC93175988}.Release|ARM64.ActiveCfg = Release|Any CPU
		{B09B5DD2-618D-4716-B9D9-6BFC93175988}.Release|ARM64.Build.0 = Release|Any CPU
		{B09B5DD2-618D-4716-B9D9-6BFC93175988}.Release|x64.ActiveCfg = Release|Any CPU
		{B09B5DD2-618D-4716-B9D9-6BFC93175988}.Release|x64.Build.0 = Release|Any CPU
		{B09B5DD2-618D-4716-B9D9-6BFC93175988}.Release|x86.ActiveCfg = Release|Any CPU
		{B09B5DD2-618D-4716-B9D9-6BFC93175988}.Release|x86.Build.0 = Release|Any CPU
		{9333DDE7-F9CC-4304-B3B2-9BC14C7B83C8}.Debug|Any CPU.ActiveCfg = Debug|Any CPU
		{9333DDE7-F9CC-4304-B3B2-9BC14C7B83C8}.Debug|Any CPU.Build.0 = Debug|Any CPU
		{9333DDE7-F9CC-4304-B3B2-9BC14C7B83C8}.Debug|ARM.ActiveCfg = Debug|Any CPU
		{9333DDE7-F9CC-4304-B3B2-9BC14C7B83C8}.Debug|ARM.Build.0 = Debug|Any CPU
		{9333DDE7-F9CC-4304-B3B2-9BC14C7B83C8}.Debug|ARM64.ActiveCfg = Debug|Any CPU
		{9333DDE7-F9CC-4304-B3B2-9BC14C7B83C8}.Debug|ARM64.Build.0 = Debug|Any CPU
		{9333DDE7-F9CC-4304-B3B2-9BC14C7B83C8}.Debug|x64.ActiveCfg = Debug|Any CPU
		{9333DDE7-F9CC-4304-B3B2-9BC14C7B83C8}.Debug|x64.Build.0 = Debug|Any CPU
		{9333DDE7-F9CC-4304-B3B2-9BC14C7B83C8}.Debug|x86.ActiveCfg = Debug|Any CPU
		{9333DDE7-F9CC-4304-B3B2-9BC14C7B83C8}.Debug|x86.Build.0 = Debug|Any CPU
		{9333DDE7-F9CC-4304-B3B2-9BC14C7B83C8}.Release|Any CPU.ActiveCfg = Release|Any CPU
		{9333DDE7-F9CC-4304-B3B2-9BC14C7B83C8}.Release|Any CPU.Build.0 = Release|Any CPU
		{9333DDE7-F9CC-4304-B3B2-9BC14C7B83C8}.Release|ARM.ActiveCfg = Release|Any CPU
		{9333DDE7-F9CC-4304-B3B2-9BC14C7B83C8}.Release|ARM.Build.0 = Release|Any CPU
		{9333DDE7-F9CC-4304-B3B2-9BC14C7B83C8}.Release|ARM64.ActiveCfg = Release|Any CPU
		{9333DDE7-F9CC-4304-B3B2-9BC14C7B83C8}.Release|ARM64.Build.0 = Release|Any CPU
		{9333DDE7-F9CC-4304-B3B2-9BC14C7B83C8}.Release|x64.ActiveCfg = Release|Any CPU
		{9333DDE7-F9CC-4304-B3B2-9BC14C7B83C8}.Release|x64.Build.0 = Release|Any CPU
		{9333DDE7-F9CC-4304-B3B2-9BC14C7B83C8}.Release|x86.ActiveCfg = Release|Any CPU
		{9333DDE7-F9CC-4304-B3B2-9BC14C7B83C8}.Release|x86.Build.0 = Release|Any CPU
		{BE211E2E-7C26-4BF3-9610-A0B9D1DB5C95}.Debug|Any CPU.ActiveCfg = Debug|Any CPU
		{BE211E2E-7C26-4BF3-9610-A0B9D1DB5C95}.Debug|Any CPU.Build.0 = Debug|Any CPU
		{BE211E2E-7C26-4BF3-9610-A0B9D1DB5C95}.Debug|ARM.ActiveCfg = Debug|Any CPU
		{BE211E2E-7C26-4BF3-9610-A0B9D1DB5C95}.Debug|ARM.Build.0 = Debug|Any CPU
		{BE211E2E-7C26-4BF3-9610-A0B9D1DB5C95}.Debug|ARM64.ActiveCfg = Debug|Any CPU
		{BE211E2E-7C26-4BF3-9610-A0B9D1DB5C95}.Debug|ARM64.Build.0 = Debug|Any CPU
		{BE211E2E-7C26-4BF3-9610-A0B9D1DB5C95}.Debug|x64.ActiveCfg = Debug|Any CPU
		{BE211E2E-7C26-4BF3-9610-A0B9D1DB5C95}.Debug|x64.Build.0 = Debug|Any CPU
		{BE211E2E-7C26-4BF3-9610-A0B9D1DB5C95}.Debug|x86.ActiveCfg = Debug|Any CPU
		{BE211E2E-7C26-4BF3-9610-A0B9D1DB5C95}.Debug|x86.Build.0 = Debug|Any CPU
		{BE211E2E-7C26-4BF3-9610-A0B9D1DB5C95}.Release|Any CPU.ActiveCfg = Release|Any CPU
		{BE211E2E-7C26-4BF3-9610-A0B9D1DB5C95}.Release|Any CPU.Build.0 = Release|Any CPU
		{BE211E2E-7C26-4BF3-9610-A0B9D1DB5C95}.Release|ARM.ActiveCfg = Release|Any CPU
		{BE211E2E-7C26-4BF3-9610-A0B9D1DB5C95}.Release|ARM.Build.0 = Release|Any CPU
		{BE211E2E-7C26-4BF3-9610-A0B9D1DB5C95}.Release|ARM64.ActiveCfg = Release|Any CPU
		{BE211E2E-7C26-4BF3-9610-A0B9D1DB5C95}.Release|ARM64.Build.0 = Release|Any CPU
		{BE211E2E-7C26-4BF3-9610-A0B9D1DB5C95}.Release|x64.ActiveCfg = Release|Any CPU
		{BE211E2E-7C26-4BF3-9610-A0B9D1DB5C95}.Release|x64.Build.0 = Release|Any CPU
		{BE211E2E-7C26-4BF3-9610-A0B9D1DB5C95}.Release|x86.ActiveCfg = Release|Any CPU
		{BE211E2E-7C26-4BF3-9610-A0B9D1DB5C95}.Release|x86.Build.0 = Release|Any CPU
		{DAE98AF0-7556-4CD9-86D9-3859586EE956}.Debug|Any CPU.ActiveCfg = Release|Any CPU
		{DAE98AF0-7556-4CD9-86D9-3859586EE956}.Debug|Any CPU.Build.0 = Release|Any CPU
		{DAE98AF0-7556-4CD9-86D9-3859586EE956}.Debug|ARM.ActiveCfg = Debug|ARM
		{DAE98AF0-7556-4CD9-86D9-3859586EE956}.Debug|ARM.Build.0 = Debug|ARM
		{DAE98AF0-7556-4CD9-86D9-3859586EE956}.Debug|ARM64.ActiveCfg = Debug|ARM64
		{DAE98AF0-7556-4CD9-86D9-3859586EE956}.Debug|ARM64.Build.0 = Debug|ARM64
		{DAE98AF0-7556-4CD9-86D9-3859586EE956}.Debug|x64.ActiveCfg = Debug|x64
		{DAE98AF0-7556-4CD9-86D9-3859586EE956}.Debug|x64.Build.0 = Debug|x64
		{DAE98AF0-7556-4CD9-86D9-3859586EE956}.Debug|x86.ActiveCfg = Debug|x86
		{DAE98AF0-7556-4CD9-86D9-3859586EE956}.Debug|x86.Build.0 = Debug|x86
		{DAE98AF0-7556-4CD9-86D9-3859586EE956}.Release|Any CPU.ActiveCfg = Release|Any CPU
		{DAE98AF0-7556-4CD9-86D9-3859586EE956}.Release|Any CPU.Build.0 = Release|Any CPU
		{DAE98AF0-7556-4CD9-86D9-3859586EE956}.Release|ARM.ActiveCfg = Release|ARM
		{DAE98AF0-7556-4CD9-86D9-3859586EE956}.Release|ARM.Build.0 = Release|ARM
		{DAE98AF0-7556-4CD9-86D9-3859586EE956}.Release|ARM64.ActiveCfg = Release|ARM64
		{DAE98AF0-7556-4CD9-86D9-3859586EE956}.Release|ARM64.Build.0 = Release|ARM64
		{DAE98AF0-7556-4CD9-86D9-3859586EE956}.Release|x64.ActiveCfg = Release|x64
		{DAE98AF0-7556-4CD9-86D9-3859586EE956}.Release|x64.Build.0 = Release|x64
		{DAE98AF0-7556-4CD9-86D9-3859586EE956}.Release|x86.ActiveCfg = Release|x86
		{DAE98AF0-7556-4CD9-86D9-3859586EE956}.Release|x86.Build.0 = Release|x86
	EndGlobalSection
	GlobalSection(SolutionProperties) = preSolution
		HideSolutionNode = FALSE
	EndGlobalSection
	GlobalSection(ExtensibilityGlobals) = postSolution
		SolutionGuid = {FB70EB57-8520-4C96-BBC4-121191D0910A}
	EndGlobalSection
EndGlobal
