
Microsoft Visual Studio Solution File, Format Version 12.00
# Visual Studio Version 17
VisualStudioVersion = 17.5.33414.496
MinimumVisualStudioVersion = 10.0.40219.1
Project("{FAE04EC0-301F-11D3-BF4B-00C04F79EFBC}") = "Attribute", "Common\Attribute\Attribute.csproj", "{FB87A31E-75AD-48A0-85B1-6BD42BDC4B81}"
EndProject
Project("{9A19103F-16F7-4668-BE54-9A1E7A4F7556}") = "Attribute.Test", "Common\Attribute.Test\Attribute.Test.csproj", "{1A7AC55C-5738-41D7-8CB2-CDFCF63DE4D8}"
EndProject
Global
	GlobalSection(SolutionConfigurationPlatforms) = preSolution
		Debug|Any CPU = Debug|Any CPU
		Release|Any CPU = Release|Any CPU
	EndGlobalSection
	GlobalSection(ProjectConfigurationPlatforms) = postSolution
		{FB87A31E-75AD-48A0-85B1-6BD42BDC4B81}.Debug|Any CPU.ActiveCfg = Release|Any CPU
		{FB87A31E-75AD-48A0-85B1-6BD42BDC4B81}.Debug|Any CPU.Build.0 = Release|Any CPU
		{FB87A31E-75AD-48A0-85B1-6BD42BDC4B81}.Release|Any CPU.ActiveCfg = Release|Any CPU
		{FB87A31E-75AD-48A0-85B1-6BD42BDC4B81}.Release|Any CPU.Build.0 = Release|Any CPU
		{1A7AC55C-5738-41D7-8CB2-CDFCF63DE4D8}.Debug|Any CPU.ActiveCfg = Release|Any CPU
		{1A7AC55C-5738-41D7-8CB2-CDFCF63DE4D8}.Debug|Any CPU.Build.0 = Release|Any CPU
		{1A7AC55C-5738-41D7-8CB2-CDFCF63DE4D8}.Release|Any CPU.ActiveCfg = Release|Any CPU
		{1A7AC55C-5738-41D7-8CB2-CDFCF63DE4D8}.Release|Any CPU.Build.0 = Release|Any CPU
	EndGlobalSection
	GlobalSection(SolutionProperties) = preSolution
		HideSolutionNode = FALSE
	EndGlobalSection
	GlobalSection(ExtensibilityGlobals) = postSolution
		SolutionGuid = {B62C483B-305C-43DD-B2F2-1305AFD37B57}
	EndGlobalSection
EndGlobal
