
Microsoft Visual Studio Solution File, Format Version 12.00
# Visual Studio Version 16
VisualStudioVersion = 16.0.33214.272
MinimumVisualStudioVersion = 10.0.40219.1
Project("{FAE04EC0-301F-11D3-BF4B-00C04F79EFBC}") = "Print", "Print\Print\Print.csproj", "{7AE3A71E-5B2C-4E5F-86BC-31668E6F8E69}"
EndProject
Project("{FAE04EC0-301F-11D3-BF4B-00C04F79EFBC}") = "Print.Console", "Print\Print.Console\Print.Console.csproj", "{4C98440C-2870-4138-92B3-C2CF28B6ACBF}"
EndProject
Project("{9A19103F-16F7-4668-BE54-9A1E7A4F7556}") = "Print.Test", "Print\Print.Test\Print.Test.csproj", "{EFAA3920-EC45-45FB-8AE6-4FA4D9CF87A6}"
EndProject
Project("{FAE04EC0-301F-11D3-BF4B-00C04F79EFBC}") = "Print.Unity", "Print\Print.Unity\Print.Unity.csproj", "{34A67FA1-562B-45E8-8D2C-19C9F7300C49}"
EndProject
Project("{FAE04EC0-301F-11D3-BF4B-00C04F79EFBC}") = "Print.Unity.Editor", "Print\Print.Unity.Editor\Print.Unity.Editor.csproj", "{3FD8FC3B-9126-4D4D-9879-A2EA104BE2EE}"
EndProject
Global
	GlobalSection(SolutionConfigurationPlatforms) = preSolution
		Debug|Any CPU = Debug|Any CPU
		Release|Any CPU = Release|Any CPU
	EndGlobalSection
	GlobalSection(ProjectConfigurationPlatforms) = postSolution
		{7AE3A71E-5B2C-4E5F-86BC-31668E6F8E69}.Debug|Any CPU.ActiveCfg = Release|Any CPU
		{7AE3A71E-5B2C-4E5F-86BC-31668E6F8E69}.Debug|Any CPU.Build.0 = Release|Any CPU
		{7AE3A71E-5B2C-4E5F-86BC-31668E6F8E69}.Release|Any CPU.ActiveCfg = Release|Any CPU
		{7AE3A71E-5B2C-4E5F-86BC-31668E6F8E69}.Release|Any CPU.Build.0 = Release|Any CPU
		{4C98440C-2870-4138-92B3-C2CF28B6ACBF}.Debug|Any CPU.ActiveCfg = Release|Any CPU
		{4C98440C-2870-4138-92B3-C2CF28B6ACBF}.Debug|Any CPU.Build.0 = Release|Any CPU
		{4C98440C-2870-4138-92B3-C2CF28B6ACBF}.Release|Any CPU.ActiveCfg = Release|Any CPU
		{4C98440C-2870-4138-92B3-C2CF28B6ACBF}.Release|Any CPU.Build.0 = Release|Any CPU
		{EFAA3920-EC45-45FB-8AE6-4FA4D9CF87A6}.Debug|Any CPU.ActiveCfg = Debug|Any CPU
		{EFAA3920-EC45-45FB-8AE6-4FA4D9CF87A6}.Debug|Any CPU.Build.0 = Debug|Any CPU
		{EFAA3920-EC45-45FB-8AE6-4FA4D9CF87A6}.Release|Any CPU.ActiveCfg = Release|Any CPU
		{EFAA3920-EC45-45FB-8AE6-4FA4D9CF87A6}.Release|Any CPU.Build.0 = Release|Any CPU
		{34A67FA1-562B-45E8-8D2C-19C9F7300C49}.Debug|Any CPU.ActiveCfg = Release|Any CPU
		{34A67FA1-562B-45E8-8D2C-19C9F7300C49}.Debug|Any CPU.Build.0 = Release|Any CPU
		{34A67FA1-562B-45E8-8D2C-19C9F7300C49}.Release|Any CPU.ActiveCfg = Release|Any CPU
		{34A67FA1-562B-45E8-8D2C-19C9F7300C49}.Release|Any CPU.Build.0 = Release|Any CPU
		{3FD8FC3B-9126-4D4D-9879-A2EA104BE2EE}.Debug|Any CPU.ActiveCfg = Release|Any CPU
		{3FD8FC3B-9126-4D4D-9879-A2EA104BE2EE}.Debug|Any CPU.Build.0 = Release|Any CPU
		{3FD8FC3B-9126-4D4D-9879-A2EA104BE2EE}.Release|Any CPU.ActiveCfg = Release|Any CPU
		{3FD8FC3B-9126-4D4D-9879-A2EA104BE2EE}.Release|Any CPU.Build.0 = Release|Any CPU
	EndGlobalSection
	GlobalSection(SolutionProperties) = preSolution
		HideSolutionNode = FALSE
	EndGlobalSection
	GlobalSection(ExtensibilityGlobals) = postSolution
		SolutionGuid = {C21E4BBB-1E7A-4541-A8D2-8C2615479471}
	EndGlobalSection
EndGlobal
