
Microsoft Visual Studio Solution File, Format Version 12.00
# Visual Studio Version 16
VisualStudioVersion = 16.0.33214.272
MinimumVisualStudioVersion = 10.0.40219.1
Project("{FAE04EC0-301F-11D3-BF4B-00C04F79EFBC}") = "Utils", "Utils\Utils\Utils.csproj", "{B0D5708A-7C94-4BCB-805D-A718034E5724}"
EndProject
Global
	GlobalSection(SolutionConfigurationPlatforms) = preSolution
		Debug|Any CPU = Debug|Any CPU
		Release|Any CPU = Release|Any CPU
	EndGlobalSection
	GlobalSection(ProjectConfigurationPlatforms) = postSolution
		{B0D5708A-7C94-4BCB-805D-A718034E5724}.Debug|Any CPU.ActiveCfg = Debug|Any CPU
		{B0D5708A-7C94-4BCB-805D-A718034E5724}.Debug|Any CPU.Build.0 = Debug|Any CPU
		{B0D5708A-7C94-4BCB-805D-A718034E5724}.Release|Any CPU.ActiveCfg = Release|Any CPU
		{B0D5708A-7C94-4BCB-805D-A718034E5724}.Release|Any CPU.Build.0 = Release|Any CPU
	EndGlobalSection
	GlobalSection(SolutionProperties) = preSolution
		HideSolutionNode = FALSE
	EndGlobalSection
	GlobalSection(ExtensibilityGlobals) = postSolution
		SolutionGuid = {A2517018-A142-42DF-A6D2-F26DF4E6CE57}
	EndGlobalSection
EndGlobal
