
Microsoft Visual Studio Solution File, Format Version 12.00
# Visual Studio Version 16
VisualStudioVersion = 16.0.33214.272
MinimumVisualStudioVersion = 10.0.40219.1
Project("{FAE04EC0-301F-11D3-BF4B-00C04F79EFBC}") = "Utils", "Utils\Utils\Utils.csproj", "{B0D5708A-7C94-4BCB-805D-A718034E5724}"
EndProject
Project("{9A19103F-16F7-4668-BE54-9A1E7A4F7556}") = "Utils.Test", "Utils\Utils.Test\Utils.Test.csproj", "{C068F0CA-561E-41BC-A65C-B40533A58705}"
EndProject
Project("{FAE04EC0-301F-11D3-BF4B-00C04F79EFBC}") = "Utils.Unity.Runtime", "Utils\Utils.Unity.Runtime\Utils.Unity.Runtime.csproj", "{DC29565F-E2E3-42AF-B245-E38EB60914E3}"
EndProject
Project("{FAE04EC0-301F-11D3-BF4B-00C04F79EFBC}") = "Utils.Unity.Editor", "Utils\Utils.Unity.Editor\Utils.Unity.Editor.csproj", "{A86A24E6-C079-4E67-BC07-16D04CEF5562}"
EndProject
Global
	GlobalSection(SolutionConfigurationPlatforms) = preSolution
		Debug|Any CPU = Debug|Any CPU
		Release|Any CPU = Release|Any CPU
	EndGlobalSection
	GlobalSection(ProjectConfigurationPlatforms) = postSolution
		{B0D5708A-7C94-4BCB-805D-A718034E5724}.Debug|Any CPU.ActiveCfg = Debug|Any CPU
		{B0D5708A-7C94-4BCB-805D-A718034E5724}.Debug|Any CPU.Build.0 = Debug|Any CPU
		{B0D5708A-7C94-4BCB-805D-A718034E5724}.Release|Any CPU.ActiveCfg = Release|Any CPU
		{B0D5708A-7C94-4BCB-805D-A718034E5724}.Release|Any CPU.Build.0 = Release|Any CPU
		{C068F0CA-561E-41BC-A65C-B40533A58705}.Debug|Any CPU.ActiveCfg = Debug|Any CPU
		{C068F0CA-561E-41BC-A65C-B40533A58705}.Debug|Any CPU.Build.0 = Debug|Any CPU
		{C068F0CA-561E-41BC-A65C-B40533A58705}.Release|Any CPU.ActiveCfg = Release|Any CPU
		{C068F0CA-561E-41BC-A65C-B40533A58705}.Release|Any CPU.Build.0 = Release|Any CPU
		{DC29565F-E2E3-42AF-B245-E38EB60914E3}.Debug|Any CPU.ActiveCfg = Debug|Any CPU
		{DC29565F-E2E3-42AF-B245-E38EB60914E3}.Debug|Any CPU.Build.0 = Debug|Any CPU
		{DC29565F-E2E3-42AF-B245-E38EB60914E3}.Release|Any CPU.ActiveCfg = Release|Any CPU
		{DC29565F-E2E3-42AF-B245-E38EB60914E3}.Release|Any CPU.Build.0 = Release|Any CPU
		{A86A24E6-C079-4E67-BC07-16D04CEF5562}.Debug|Any CPU.ActiveCfg = Debug|Any CPU
		{A86A24E6-C079-4E67-BC07-16D04CEF5562}.Debug|Any CPU.Build.0 = Debug|Any CPU
		{A86A24E6-C079-4E67-BC07-16D04CEF5562}.Release|Any CPU.ActiveCfg = Release|Any CPU
		{A86A24E6-C079-4E67-BC07-16D04CEF5562}.Release|Any CPU.Build.0 = Release|Any CPU
	EndGlobalSection
	GlobalSection(SolutionProperties) = preSolution
		HideSolutionNode = FALSE
	EndGlobalSection
	GlobalSection(ExtensibilityGlobals) = postSolution
		SolutionGuid = {A2517018-A142-42DF-A6D2-F26DF4E6CE57}
	EndGlobalSection
EndGlobal
